
Microsoft Visual Studio Solution File, Format Version 12.00
# Visual Studio Version 17
VisualStudioVersion = 17.3.32901.215
MinimumVisualStudioVersion = 10.0.40219.1
Project("{FAE04EC0-301F-11D3-BF4B-00C04F79EFBC}") = "Bai1", "Bai1\Bai1.csproj", "{B964AC2D-F889-4512-9321-1A25CB71A4FF}"
EndProject
Global
	GlobalSection(SolutionConfigurationPlatforms) = preSolution
		Debug|Any CPU = Debug|Any CPU
		Release|Any CPU = Release|Any CPU
	EndGlobalSection
	GlobalSection(ProjectConfigurationPlatforms) = postSolution
		{B964AC2D-F889-4512-9321-1A25CB71A4FF}.Debug|Any CPU.ActiveCfg = Debug|Any CPU
		{B964AC2D-F889-4512-9321-1A25CB71A4FF}.Debug|Any CPU.Build.0 = Debug|Any CPU
		{B964AC2D-F889-4512-9321-1A25CB71A4FF}.Release|Any CPU.ActiveCfg = Release|Any CPU
		{B964AC2D-F889-4512-9321-1A25CB71A4FF}.Release|Any CPU.Build.0 = Release|Any CPU
	EndGlobalSection
	GlobalSection(SolutionProperties) = preSolution
		HideSolutionNode = FALSE
	EndGlobalSection
	GlobalSection(ExtensibilityGlobals) = postSolution
		SolutionGuid = {F7645D90-9131-478A-B2A9-1B7A912FB860}
	EndGlobalSection
EndGlobal
